
Microsoft Visual Studio Solution File, Format Version 12.00
# Visual Studio Version 17
VisualStudioVersion = 17.7.34003.232
MinimumVisualStudioVersion = 10.0.40219.1
Project("{FAE04EC0-301F-11D3-BF4B-00C04F79EFBC}") = "bowlingScoreCalculator", "bowlingScoreCalculator\bowlingScoreCalculator.csproj", "{3883DAA0-6E4F-4D34-9A9E-F58CD6D6B818}"
EndProject
Global
	GlobalSection(SolutionConfigurationPlatforms) = preSolution
		Debug|Any CPU = Debug|Any CPU
		Release|Any CPU = Release|Any CPU
	EndGlobalSection
	GlobalSection(ProjectConfigurationPlatforms) = postSolution
		{3883DAA0-6E4F-4D34-9A9E-F58CD6D6B818}.Debug|Any CPU.ActiveCfg = Debug|Any CPU
		{3883DAA0-6E4F-4D34-9A9E-F58CD6D6B818}.Debug|Any CPU.Build.0 = Debug|Any CPU
		{3883DAA0-6E4F-4D34-9A9E-F58CD6D6B818}.Release|Any CPU.ActiveCfg = Release|Any CPU
		{3883DAA0-6E4F-4D34-9A9E-F58CD6D6B818}.Release|Any CPU.Build.0 = Release|Any CPU
	EndGlobalSection
	GlobalSection(SolutionProperties) = preSolution
		HideSolutionNode = FALSE
	EndGlobalSection
	GlobalSection(ExtensibilityGlobals) = postSolution
		SolutionGuid = {850A838E-5C8B-4A56-A5F2-00DE429412D5}
	EndGlobalSection
EndGlobal
